// !$*UTF8*$!
{
	archiveVersion = 1;
	classes = {
	};
	objectVersion = 46;
	objects = {

/* Begin PBXBuildFile section */
		E724A15C1B105D2F00AE65F8 /* AppDelegate.swift in Sources */ = {isa = PBXBuildFile; fileRef = E724A15B1B105D2F00AE65F8 /* AppDelegate.swift */; };
		E724A15E1B105D2F00AE65F8 /* ViewController.swift in Sources */ = {isa = PBXBuildFile; fileRef = E724A15D1B105D2F00AE65F8 /* ViewController.swift */; };
		E724A1611B105D2F00AE65F8 /* Main.storyboard in Resources */ = {isa = PBXBuildFile; fileRef = E724A15F1B105D2F00AE65F8 /* Main.storyboard */; };
		E724A1631B105D2F00AE65F8 /* Images.xcassets in Resources */ = {isa = PBXBuildFile; fileRef = E724A1621B105D2F00AE65F8 /* Images.xcassets */; };
		E724A1661B105D2F00AE65F8 /* LaunchScreen.xib in Resources */ = {isa = PBXBuildFile; fileRef = E724A1641B105D2F00AE65F8 /* LaunchScreen.xib */; };
		E724A1721B105D2F00AE65F8 /* MyWeiboTests.swift in Sources */ = {isa = PBXBuildFile; fileRef = E724A1711B105D2F00AE65F8 /* MyWeiboTests.swift */; };
		E724A1801B1DC5E900AE65F8 /* DetailsPageViewController.swift in Sources */ = {isa = PBXBuildFile; fileRef = E724A17F1B1DC5E900AE65F8 /* DetailsPageViewController.swift */; };
		E724A1821B204DBB00AE65F8 /* data.json in Resources */ = {isa = PBXBuildFile; fileRef = E724A1811B204DBB00AE65F8 /* data.json */; };
		E724A1841B20693500AE65F8 /* BookModel.swift in Sources */ = {isa = PBXBuildFile; fileRef = E724A1831B20693500AE65F8 /* BookModel.swift */; };
/* End PBXBuildFile section */

/* Begin PBXContainerItemProxy section */
		E724A16C1B105D2F00AE65F8 /* PBXContainerItemProxy */ = {
			isa = PBXContainerItemProxy;
			containerPortal = E724A14E1B105D2F00AE65F8 /* Project object */;
			proxyType = 1;
			remoteGlobalIDString = E724A1551B105D2F00AE65F8;
			remoteInfo = MyWeibo;
		};
/* End PBXContainerItemProxy section */

/* Begin PBXFileReference section */
		E724A1561B105D2F00AE65F8 /* MyWeibo.app */ = {isa = PBXFileReference; explicitFileType = wrapper.application; includeInIndex = 0; path = MyWeibo.app; sourceTree = BUILT_PRODUCTS_DIR; };
		E724A15A1B105D2F00AE65F8 /* Info.plist */ = {isa = PBXFileReference; lastKnownFileType = text.plist.xml; path = Info.plist; sourceTree = "<group>"; };
		E724A15B1B105D2F00AE65F8 /* AppDelegate.swift */ = {isa = PBXFileReference; lastKnownFileType = sourcecode.swift; path = AppDelegate.swift; sourceTree = "<group>"; };
		E724A15D1B105D2F00AE65F8 /* ViewController.swift */ = {isa = PBXFileReference; lastKnownFileType = sourcecode.swift; path = ViewController.swift; sourceTree = "<group>"; };
		E724A1601B105D2F00AE65F8 /* Base */ = {isa = PBXFileReference; lastKnownFileType = file.storyboard; name = Base; path = Base.lproj/Main.storyboard; sourceTree = "<group>"; };
		E724A1621B105D2F00AE65F8 /* Images.xcassets */ = {isa = PBXFileReference; lastKnownFileType = folder.assetcatalog; path = Images.xcassets; sourceTree = "<group>"; };
		E724A1651B105D2F00AE65F8 /* Base */ = {isa = PBXFileReference; lastKnownFileType = file.xib; name = Base; path = Base.lproj/LaunchScreen.xib; sourceTree = "<group>"; };
		E724A16B1B105D2F00AE65F8 /* MyWeiboTests.xctest */ = {isa = PBXFileReference; explicitFileType = wrapper.cfbundle; includeInIndex = 0; path = MyWeiboTests.xctest; sourceTree = BUILT_PRODUCTS_DIR; };
		E724A1701B105D2F00AE65F8 /* Info.plist */ = {isa = PBXFileReference; lastKnownFileType = text.plist.xml; path = Info.plist; sourceTree = "<group>"; };
		E724A1711B105D2F00AE65F8 /* MyWeiboTests.swift */ = {isa = PBXFileReference; lastKnownFileType = sourcecode.swift; path = MyWeiboTests.swift; sourceTree = "<group>"; };
		E724A17F1B1DC5E900AE65F8 /* DetailsPageViewController.swift */ = {isa = PBXFileReference; fileEncoding = 4; lastKnownFileType = sourcecode.swift; path = DetailsPageViewController.swift; sourceTree = "<group>"; };
		E724A1811B204DBB00AE65F8 /* data.json */ = {isa = PBXFileReference; fileEncoding = 4; lastKnownFileType = text.json; path = data.json; sourceTree = "<group>"; };
		E724A1831B20693500AE65F8 /* BookModel.swift */ = {isa = PBXFileReference; fileEncoding = 4; lastKnownFileType = sourcecode.swift; name = BookModel.swift; path = ../../../Pictures/BookModel.swift; sourceTree = "<group>"; };
/* End PBXFileReference section */

/* Begin PBXFrameworksBuildPhase section */
		E724A1531B105D2F00AE65F8 /* Frameworks */ = {
			isa = PBXFrameworksBuildPhase;
			buildActionMask = 2147483647;
			files = (
			);
			runOnlyForDeploymentPostprocessing = 0;
		};
		E724A1681B105D2F00AE65F8 /* Frameworks */ = {
			isa = PBXFrameworksBuildPhase;
			buildActionMask = 2147483647;
			files = (
			);
			runOnlyForDeploymentPostprocessing = 0;
		};
/* End PBXFrameworksBuildPhase section */

/* Begin PBXGroup section */
		E724A14D1B105D2F00AE65F8 = {
			isa = PBXGroup;
			children = (
				E724A1581B105D2F00AE65F8 /* MyWeibo */,
				E724A16E1B105D2F00AE65F8 /* MyWeiboTests */,
				E724A1571B105D2F00AE65F8 /* Products */,
			);
			sourceTree = "<group>";
		};
		E724A1571B105D2F00AE65F8 /* Products */ = {
			isa = PBXGroup;
			children = (
				E724A1561B105D2F00AE65F8 /* MyWeibo.app */,
				E724A16B1B105D2F00AE65F8 /* MyWeiboTests.xctest */,
			);
			name = Products;
			sourceTree = "<group>";
		};
		E724A1581B105D2F00AE65F8 /* MyWeibo */ = {
			isa = PBXGroup;
			children = (
				E724A1831B20693500AE65F8 /* BookModel.swift */,
				E724A1811B204DBB00AE65F8 /* data.json */,
				E724A17F1B1DC5E900AE65F8 /* DetailsPageViewController.swift */,
				E724A15B1B105D2F00AE65F8 /* AppDelegate.swift */,
				E724A15D1B105D2F00AE65F8 /* ViewController.swift */,
				E724A15F1B105D2F00AE65F8 /* Main.storyboard */,
				E724A1621B105D2F00AE65F8 /* Images.xcassets */,
				E724A1641B105D2F00AE65F8 /* LaunchScreen.xib */,
				E724A1591B105D2F00AE65F8 /* Supporting Files */,
			);
			path = MyWeibo;
			sourceTree = "<group>";
		};
		E724A1591B105D2F00AE65F8 /* Supporting Files */ = {
			isa = PBXGroup;
			children = (
				E724A15A1B105D2F00AE65F8 /* Info.plist */,
			);
			name = "Supporting Files";
			sourceTree = "<group>";
		};
		E724A16E1B105D2F00AE65F8 /* MyWeiboTests */ = {
			isa = PBXGroup;
			children = (
				E724A1711B105D2F00AE65F8 /* MyWeiboTests.swift */,
				E724A16F1B105D2F00AE65F8 /* Supporting Files */,
			);
			path = MyWeiboTests;
			sourceTree = "<group>";
		};
		E724A16F1B105D2F00AE65F8 /* Supporting Files */ = {
			isa = PBXGroup;
			children = (
				E724A1701B105D2F00AE65F8 /* Info.plist */,
			);
			name = "Supporting Files";
			sourceTree = "<group>";
		};
/* End PBXGroup section */

/* Begin PBXNativeTarget section */
		E724A1551B105D2F00AE65F8 /* MyWeibo */ = {
			isa = PBXNativeTarget;
			buildConfigurationList = E724A1751B105D2F00AE65F8 /* Build configuration list for PBXNativeTarget "MyWeibo" */;
			buildPhases = (
				E724A1521B105D2F00AE65F8 /* Sources */,
				E724A1531B105D2F00AE65F8 /* Frameworks */,
				E724A1541B105D2F00AE65F8 /* Resources */,
			);
			buildRules = (
			);
			dependencies = (
			);
			name = MyWeibo;
			productName = MyWeibo;
			productReference = E724A1561B105D2F00AE65F8 /* MyWeibo.app */;
			productType = "com.apple.product-type.application";
		};
		E724A16A1B105D2F00AE65F8 /* MyWeiboTests */ = {
			isa = PBXNativeTarget;
			buildConfigurationList = E724A1781B105D2F00AE65F8 /* Build configuration list for PBXNativeTarget "MyWeiboTests" */;
			buildPhases = (
				E724A1671B105D2F00AE65F8 /* Sources */,
				E724A1681B105D2F00AE65F8 /* Frameworks */,
				E724A1691B105D2F00AE65F8 /* Resources */,
			);
			buildRules = (
			);
			dependencies = (
				E724A16D1B105D2F00AE65F8 /* PBXTargetDependency */,
			);
			name = MyWeiboTests;
			productName = MyWeiboTests;
			productReference = E724A16B1B105D2F00AE65F8 /* MyWeiboTests.xctest */;
			productType = "com.apple.product-type.bundle.unit-test";
		};
/* End PBXNativeTarget section */

/* Begin PBXProject section */
		E724A14E1B105D2F00AE65F8 /* Project object */ = {
			isa = PBXProject;
			attributes = {
				LastUpgradeCheck = 0630;
				ORGANIZATIONNAME = foreverYoung;
				TargetAttributes = {
					E724A1551B105D2F00AE65F8 = {
						CreatedOnToolsVersion = 6.3.1;
					};
					E724A16A1B105D2F00AE65F8 = {
						CreatedOnToolsVersion = 6.3.1;
						TestTargetID = E724A1551B105D2F00AE65F8;
					};
				};
			};
			buildConfigurationList = E724A1511B105D2F00AE65F8 /* Build configuration list for PBXProject "MyWeibo" */;
			compatibilityVersion = "Xcode 3.2";
			developmentRegion = English;
			hasScannedForEncodings = 0;
			knownRegions = (
				en,
				Base,
			);
			mainGroup = E724A14D1B105D2F00AE65F8;
			productRefGroup = E724A1571B105D2F00AE65F8 /* Products */;
			projectDirPath = "";
			projectRoot = "";
			targets = (
				E724A1551B105D2F00AE65F8 /* MyWeibo */,
				E724A16A1B105D2F00AE65F8 /* MyWeiboTests */,
			);
		};
/* End PBXProject section */

/* Begin PBXResourcesBuildPhase section */
		E724A1541B105D2F00AE65F8 /* Resources */ = {
			isa = PBXResourcesBuildPhase;
			buildActionMask = 2147483647;
			files = (
				E724A1611B105D2F00AE65F8 /* Main.storyboard in Resources */,
				E724A1661B105D2F00AE65F8 /* LaunchScreen.xib in Resources */,
				E724A1631B105D2F00AE65F8 /* Images.xcassets in Resources */,
				E724A1821B204DBB00AE65F8 /* data.json in Resources */,
			);
			runOnlyForDeploymentPostprocessing = 0;
		};
		E724A1691B105D2F00AE65F8 /* Resources */ = {
			isa = PBXResourcesBuildPhase;
			buildActionMask = 2147483647;
			files = (
			);
			runOnlyForDeploymentPostprocessing = 0;
		};
/* End PBXResourcesBuildPhase section */

/* Begin PBXSourcesBuildPhase section */
		E724A1521B105D2F00AE65F8 /* Sources */ = {
			isa = PBXSourcesBuildPhase;
			buildActionMask = 2147483647;
			files = (
				E724A1801B1DC5E900AE65F8 /* DetailsPageViewController.swift in Sources */,
				E724A15E1B105D2F00AE65F8 /* ViewController.swift in Sources */,
				E724A1841B20693500AE65F8 /* BookModel.swift in Sources */,
				E724A15C1B105D2F00AE65F8 /* AppDelegate.swift in Sources */,
			);
			runOnlyForDeploymentPostprocessing = 0;
		};
		E724A1671B105D2F00AE65F8 /* Sources */ = {
			isa = PBXSourcesBuildPhase;
			buildActionMask = 2147483647;
			files = (
				E724A1721B105D2F00AE65F8 /* MyWeiboTests.swift in Sources */,
			);
			runOnlyForDeploymentPostprocessing = 0;
		};
/* End PBXSourcesBuildPhase section */

/* Begin PBXTargetDependency section */
		E724A16D1B105D2F00AE65F8 /* PBXTargetDependency */ = {
			isa = PBXTargetDependency;
			target = E724A1551B105D2F00AE65F8 /* MyWeibo */;
			targetProxy = E724A16C1B105D2F00AE65F8 /* PBXContainerItemProxy */;
		};
/* End PBXTargetDependency section */

/* Begin PBXVariantGroup section */
		E724A15F1B105D2F00AE65F8 /* Main.storyboard */ = {
			isa = PBXVariantGroup;
			children = (
				E724A1601B105D2F00AE65F8 /* Base */,
			);
			name = Main.storyboard;
			sourceTree = "<group>";
		};
		E724A1641B105D2F00AE65F8 /* LaunchScreen.xib */ = {
			isa = PBXVariantGroup;
			children = (
				E724A1651B105D2F00AE65F8 /* Base */,
			);
			name = LaunchScreen.xib;
			sourceTree = "<group>";
		};
/* End PBXVariantGroup section */

/* Begin XCBuildConfiguration section */
		E724A1731B105D2F00AE65F8 /* Debug */ = {
			isa = XCBuildConfiguration;
			buildSettings = {
				ALWAYS_SEARCH_USER_PATHS = NO;
				CLANG_CXX_LANGUAGE_STANDARD = "gnu++0x";
				CLANG_CXX_LIBRARY = "libc++";
				CLANG_ENABLE_MODULES = YES;
				CLANG_ENABLE_OBJC_ARC = YES;
				CLANG_WARN_BOOL_CONVERSION = YES;
				CLANG_WARN_CONSTANT_CONVERSION = YES;
				CLANG_WARN_DIRECT_OBJC_ISA_USAGE = YES_ERROR;
				CLANG_WARN_EMPTY_BODY = YES;
				CLANG_WARN_ENUM_CONVERSION = YES;
				CLANG_WARN_INT_CONVERSION = YES;
				CLANG_WARN_OBJC_ROOT_CLASS = YES_ERROR;
				CLANG_WARN_UNREACHABLE_CODE = YES;
				CLANG_WARN__DUPLICATE_METHOD_MATCH = YES;
				"CODE_SIGN_IDENTITY[sdk=iphoneos*]" = "iPhone Developer";
				COPY_PHASE_STRIP = NO;
				DEBUG_INFORMATION_FORMAT = "dwarf-with-dsym";
				ENABLE_STRICT_OBJC_MSGSEND = YES;
				GCC_C_LANGUAGE_STANDARD = gnu99;
				GCC_DYNAMIC_NO_PIC = NO;
				GCC_NO_COMMON_BLOCKS = YES;
				GCC_OPTIMIZATION_LEVEL = 0;
				GCC_PREPROCESSOR_DEFINITIONS = (
					"DEBUG=1",
					"$(inherited)",
				);
				GCC_SYMBOLS_PRIVATE_EXTERN = NO;
				GCC_WARN_64_TO_32_BIT_CONVERSION = YES;
				GCC_WARN_ABOUT_RETURN_TYPE = YES_ERROR;
				GCC_WARN_UNDECLARED_SELECTOR = YES;
				GCC_WARN_UNINITIALIZED_AUTOS = YES_AGGRESSIVE;
				GCC_WARN_UNUSED_FUNCTION = YES;
				GCC_WARN_UNUSED_VARIABLE = YES;
				IPHONEOS_DEPLOYMENT_TARGET = 8.3;
				MTL_ENABLE_DEBUG_INFO = YES;
				ONLY_ACTIVE_ARCH = YES;
				SDKROOT = iphoneos;
				SWIFT_OPTIMIZATION_LEVEL = "-Onone";
			};
			name = Debug;
		};
		E724A1741B105D2F00AE65F8 /* Release */ = {
			isa = XCBuildConfiguration;
			buildSettings = {
				ALWAYS_SEARCH_USER_PATHS = NO;
				CLANG_CXX_LANGUAGE_STANDARD = "gnu++0x";
				CLANG_CXX_LIBRARY = "libc++";
				CLANG_ENABLE_MODULES = YES;
				CLANG_ENABLE_OBJC_ARC = YES;
				CLANG_WARN_BOOL_CONVERSION = YES;
				CLANG_WARN_CONSTANT_CONVERSION = YES;
				CLANG_WARN_DIRECT_OBJC_ISA_USAGE = YES_ERROR;
				CLANG_WARN_EMPTY_BODY = YES;
				CLANG_WARN_ENUM_CONVERSION = YES;
				CLANG_WARN_INT_CONVERSION = YES;
				CLANG_WARN_OBJC_ROOT_CLASS = YES_ERROR;
				CLANG_WARN_UNREACHABLE_CODE = YES;
				CLANG_WARN__DUPLICATE_METHOD_MATCH = YES;
				"CODE_SIGN_IDENTITY[sdk=iphoneos*]" = "iPhone Developer";
				COPY_PHASE_STRIP = NO;
				DEBUG_INFORMATION_FORMAT = "dwarf-with-dsym";
				ENABLE_NS_ASSERTIONS = NO;
				ENABLE_STRICT_OBJC_MSGSEND = YES;
				GCC_C_LANGUAGE_STANDARD = gnu99;
				GCC_NO_COMMON_BLOCKS = YES;
				GCC_WARN_64_TO_32_BIT_CONVERSION = YES;
				GCC_WARN_ABOUT_RETURN_TYPE = YES_ERROR;
				GCC_WARN_UNDECLARED_SELECTOR = YES;
				GCC_WARN_UNINITIALIZED_AUTOS = YES_AGGRESSIVE;
				GCC_WARN_UNUSED_FUNCTION = YES;
				GCC_WARN_UNUSED_VARIABLE = YES;
				IPHONEOS_DEPLOYMENT_TARGET = 8.3;
				MTL_ENABLE_DEBUG_INFO = NO;
				SDKROOT = iphoneos;
				VALIDATE_PRODUCT = YES;
			};
			name = Release;
		};
		E724A1761B105D2F00AE65F8 /* Debug */ = {
			isa = XCBuildConfiguration;
			buildSettings = {
				ASSETCATALOG_COMPILER_APPICON_NAME = AppIcon;
				INFOPLIST_FILE = MyWeibo/Info.plist;
				LD_RUNPATH_SEARCH_PATHS = "$(inherited) @executable_path/Frameworks";
				PRODUCT_NAME = "$(TARGET_NAME)";
			};
			name = Debug;
		};
		E724A1771B105D2F00AE65F8 /* Release */ = {
			isa = XCBuildConfiguration;
			buildSettings = {
				ASSETCATALOG_COMPILER_APPICON_NAME = AppIcon;
				INFOPLIST_FILE = MyWeibo/Info.plist;
				LD_RUNPATH_SEARCH_PATHS = "$(inherited) @executable_path/Frameworks";
				PRODUCT_NAME = "$(TARGET_NAME)";
			};
			name = Release;
		};
		E724A1791B105D2F00AE65F8 /* Debug */ = {
			isa = XCBuildConfiguration;
			buildSettings = {
				BUNDLE_LOADER = "$(TEST_HOST)";
				FRAMEWORK_SEARCH_PATHS = (
					"$(SDKROOT)/Developer/Library/Frameworks",
					"$(inherited)",
				);
				GCC_PREPROCESSOR_DEFINITIONS = (
					"DEBUG=1",
					"$(inherited)",
				);
				INFOPLIST_FILE = MyWeiboTests/Info.plist;
				LD_RUNPATH_SEARCH_PATHS = "$(inherited) @executable_path/Frameworks @loader_path/Frameworks";
				PRODUCT_NAME = "$(TARGET_NAME)";
				TEST_HOST = "$(BUILT_PRODUCTS_DIR)/MyWeibo.app/MyWeibo";
			};
			name = Debug;
		};
		E724A17A1B105D2F00AE65F8 /* Release */ = {
			isa = XCBuildConfiguration;
			buildSettings = {
				BUNDLE_LOADER = "$(TEST_HOST)";
				FRAMEWORK_SEARCH_PATHS = (
					"$(SDKROOT)/Developer/Library/Frameworks",
					"$(inherited)",
				);
				INFOPLIST_FILE = MyWeiboTests/Info.plist;
				LD_RUNPATH_SEARCH_PATHS = "$(inherited) @executable_path/Frameworks @loader_path/Frameworks";
				PRODUCT_NAME = "$(TARGET_NAME)";
				TEST_HOST = "$(BUILT_PRODUCTS_DIR)/MyWeibo.app/MyWeibo";
			};
			name = Release;
		};
/* End XCBuildConfiguration section */

/* Begin XCConfigurationList section */
		E724A1511B105D2F00AE65F8 /* Build configuration list for PBXProject "MyWeibo" */ = {
			isa = XCConfigurationList;
			buildConfigurations = (
				E724A1731B105D2F00AE65F8 /* Debug */,
				E724A1741B105D2F00AE65F8 /* Release */,
			);
			defaultConfigurationIsVisible = 0;
			defaultConfigurationName = Release;
		};
		E724A1751B105D2F00AE65F8 /* Build configuration list for PBXNativeTarget "MyWeibo" */ = {
			isa = XCConfigurationList;
			buildConfigurations = (
				E724A1761B105D2F00AE65F8 /* Debug */,
				E724A1771B105D2F00AE65F8 /* Release */,
			);
			defaultConfigurationIsVisible = 0;
			defaultConfigurationName = Release;
		};
		E724A1781B105D2F00AE65F8 /* Build configuration list for PBXNativeTarget "MyWeiboTests" */ = {
			isa = XCConfigurationList;
			buildConfigurations = (
				E724A1791B105D2F00AE65F8 /* Debug */,
				E724A17A1B105D2F00AE65F8 /* Release */,
			);
			defaultConfigurationIsVisible = 0;
			defaultConfigurationName = Release;
		};
/* End XCConfigurationList section */
	};
	rootObject = E724A14E1B105D2F00AE65F8 /* Project object */;
}
